
Microsoft Visual Studio Solution File, Format Version 12.00
# Visual Studio 14
VisualStudioVersion = 14.0.25420.1
MinimumVisualStudioVersion = 10.0.40219.1
Project("{FAE04EC0-301F-11D3-BF4B-00C04F79EFBC}") = "BuscadorConsoleApplication", "BuscadorConsoleApplication\BuscadorConsoleApplication.csproj", "{BF55AEB4-1CE2-481C-A4BE-D3DF242F1ABE}"
EndProject
Project("{FAE04EC0-301F-11D3-BF4B-00C04F79EFBC}") = "BuscadorLib", "BuscadorLib\BuscadorLib.csproj", "{04B88008-CA62-4678-BEC0-CD96E18C85FF}"
EndProject
Project("{FAE04EC0-301F-11D3-BF4B-00C04F79EFBC}") = "BuscaBO", "BuscaBO\BuscaBO.csproj", "{3023B10D-4828-4DE6-AAB3-0B9A933509C0}"
EndProject
Global
	GlobalSection(SolutionConfigurationPlatforms) = preSolution
		Debug|Any CPU = Debug|Any CPU
		Release|Any CPU = Release|Any CPU
	EndGlobalSection
	GlobalSection(ProjectConfigurationPlatforms) = postSolution
		{BF55AEB4-1CE2-481C-A4BE-D3DF242F1ABE}.Debug|Any CPU.ActiveCfg = Debug|Any CPU
		{BF55AEB4-1CE2-481C-A4BE-D3DF242F1ABE}.Debug|Any CPU.Build.0 = Debug|Any CPU
		{BF55AEB4-1CE2-481C-A4BE-D3DF242F1ABE}.Release|Any CPU.ActiveCfg = Release|Any CPU
		{BF55AEB4-1CE2-481C-A4BE-D3DF242F1ABE}.Release|Any CPU.Build.0 = Release|Any CPU
		{04B88008-CA62-4678-BEC0-CD96E18C85FF}.Debug|Any CPU.ActiveCfg = Debug|Any CPU
		{04B88008-CA62-4678-BEC0-CD96E18C85FF}.Debug|Any CPU.Build.0 = Debug|Any CPU
		{04B88008-CA62-4678-BEC0-CD96E18C85FF}.Release|Any CPU.ActiveCfg = Release|Any CPU
		{04B88008-CA62-4678-BEC0-CD96E18C85FF}.Release|Any CPU.Build.0 = Release|Any CPU
		{3023B10D-4828-4DE6-AAB3-0B9A933509C0}.Debug|Any CPU.ActiveCfg = Debug|Any CPU
		{3023B10D-4828-4DE6-AAB3-0B9A933509C0}.Debug|Any CPU.Build.0 = Debug|Any CPU
		{3023B10D-4828-4DE6-AAB3-0B9A933509C0}.Release|Any CPU.ActiveCfg = Release|Any CPU
		{3023B10D-4828-4DE6-AAB3-0B9A933509C0}.Release|Any CPU.Build.0 = Release|Any CPU
	EndGlobalSection
	GlobalSection(SolutionProperties) = preSolution
		HideSolutionNode = FALSE
	EndGlobalSection
EndGlobal
